// !$*UTF8*$!
{
	archiveVersion = 1;
	classes = {
	};
	objectVersion = 51;
	objects = {

/* Begin PBXBuildFile section */
		2BB71031269C5AD000BC6818 /* AppDelegate.swift in Sources */ = {isa = PBXBuildFile; fileRef = 2BB71030269C5AD000BC6818 /* AppDelegate.swift */; };
		2BB71033269C5AD000BC6818 /* SceneDelegate.swift in Sources */ = {isa = PBXBuildFile; fileRef = 2BB71032269C5AD000BC6818 /* SceneDelegate.swift */; };
		2BB71035269C5AD000BC6818 /* MainViewController.swift in Sources */ = {isa = PBXBuildFile; fileRef = 2BB71034269C5AD000BC6818 /* MainViewController.swift */; };
		2BB7103A269C5AD300BC6818 /* Assets.xcassets in Resources */ = {isa = PBXBuildFile; fileRef = 2BB71039269C5AD300BC6818 /* Assets.xcassets */; };
		2BB7103D269C5AD300BC6818 /* LaunchScreen.storyboard in Resources */ = {isa = PBXBuildFile; fileRef = 2BB7103B269C5AD300BC6818 /* LaunchScreen.storyboard */; };
		2BB71047269C5CB700BC6818 /* Optional.swift in Sources */ = {isa = PBXBuildFile; fileRef = 2BB71046269C5CB700BC6818 /* Optional.swift */; };
		43D0603BD0C8FF904C525FBB /* Pods_RxSwiftTutorial.framework in Frameworks */ = {isa = PBXBuildFile; fileRef = 91729C55D13980B6D10DC50B /* Pods_RxSwiftTutorial.framework */; };
/* End PBXBuildFile section */

/* Begin PBXFileReference section */
		2B41654E269C6281000B2CEB /* Rx.playground */ = {isa = PBXFileReference; lastKnownFileType = file.playground; path = Rx.playground; sourceTree = "<group>"; xcLanguageSpecificationIdentifier = xcode.lang.swift; };
		2BB7102D269C5AD000BC6818 /* RxSwiftTutorial.app */ = {isa = PBXFileReference; explicitFileType = wrapper.application; includeInIndex = 0; path = RxSwiftTutorial.app; sourceTree = BUILT_PRODUCTS_DIR; };
		2BB71030269C5AD000BC6818 /* AppDelegate.swift */ = {isa = PBXFileReference; lastKnownFileType = sourcecode.swift; path = AppDelegate.swift; sourceTree = "<group>"; };
		2BB71032269C5AD000BC6818 /* SceneDelegate.swift */ = {isa = PBXFileReference; lastKnownFileType = sourcecode.swift; path = SceneDelegate.swift; sourceTree = "<group>"; };
		2BB71034269C5AD000BC6818 /* MainViewController.swift */ = {isa = PBXFileReference; lastKnownFileType = sourcecode.swift; path = MainViewController.swift; sourceTree = "<group>"; };
		2BB71039269C5AD300BC6818 /* Assets.xcassets */ = {isa = PBXFileReference; lastKnownFileType = folder.assetcatalog; path = Assets.xcassets; sourceTree = "<group>"; };
		2BB7103C269C5AD300BC6818 /* Base */ = {isa = PBXFileReference; lastKnownFileType = file.storyboard; name = Base; path = Base.lproj/LaunchScreen.storyboard; sourceTree = "<group>"; };
		2BB7103E269C5AD300BC6818 /* Info.plist */ = {isa = PBXFileReference; lastKnownFileType = text.plist.xml; path = Info.plist; sourceTree = "<group>"; };
		2BB71046269C5CB700BC6818 /* Optional.swift */ = {isa = PBXFileReference; lastKnownFileType = sourcecode.swift; path = Optional.swift; sourceTree = "<group>"; };
		5237509B6EAB13B0C3F4491A /* Pods-RxSwiftTutorial.release.xcconfig */ = {isa = PBXFileReference; includeInIndex = 1; lastKnownFileType = text.xcconfig; name = "Pods-RxSwiftTutorial.release.xcconfig"; path = "Target Support Files/Pods-RxSwiftTutorial/Pods-RxSwiftTutorial.release.xcconfig"; sourceTree = "<group>"; };
		91729C55D13980B6D10DC50B /* Pods_RxSwiftTutorial.framework */ = {isa = PBXFileReference; explicitFileType = wrapper.framework; includeInIndex = 0; path = Pods_RxSwiftTutorial.framework; sourceTree = BUILT_PRODUCTS_DIR; };
		92ECB4A6AA121A7220CE790A /* Pods-RxSwiftTutorial.debug.xcconfig */ = {isa = PBXFileReference; includeInIndex = 1; lastKnownFileType = text.xcconfig; name = "Pods-RxSwiftTutorial.debug.xcconfig"; path = "Target Support Files/Pods-RxSwiftTutorial/Pods-RxSwiftTutorial.debug.xcconfig"; sourceTree = "<group>"; };
/* End PBXFileReference section */

/* Begin PBXFrameworksBuildPhase section */
		2BB7102A269C5AD000BC6818 /* Frameworks */ = {
			isa = PBXFrameworksBuildPhase;
			buildActionMask = 2147483647;
			files = (
				43D0603BD0C8FF904C525FBB /* Pods_RxSwiftTutorial.framework in Frameworks */,
			);
			runOnlyForDeploymentPostprocessing = 0;
		};
/* End PBXFrameworksBuildPhase section */

/* Begin PBXGroup section */
		2735F183EC518D9AEE23ECA1 /* Frameworks */ = {
			isa = PBXGroup;
			children = (
				91729C55D13980B6D10DC50B /* Pods_RxSwiftTutorial.framework */,
			);
			name = Frameworks;
			sourceTree = "<group>";
		};
		2B41654F269C628C000B2CEB /* Playgrounds */ = {
			isa = PBXGroup;
			children = (
				2B41654E269C6281000B2CEB /* Rx.playground */,
			);
			path = Playgrounds;
			sourceTree = "<group>";
		};
		2BB71024269C5AD000BC6818 = {
			isa = PBXGroup;
			children = (
				2BB7102F269C5AD000BC6818 /* RxSwiftTutorial */,
				2BB7102E269C5AD000BC6818 /* Products */,
				9E200FD86C8B2743D0C3B621 /* Pods */,
				2735F183EC518D9AEE23ECA1 /* Frameworks */,
			);
			sourceTree = "<group>";
		};
		2BB7102E269C5AD000BC6818 /* Products */ = {
			isa = PBXGroup;
			children = (
				2BB7102D269C5AD000BC6818 /* RxSwiftTutorial.app */,
			);
			name = Products;
			sourceTree = "<group>";
		};
		2BB7102F269C5AD000BC6818 /* RxSwiftTutorial */ = {
			isa = PBXGroup;
			children = (
				2BB71044269C5ADD00BC6818 /* App */,
				2BB71045269C5AE400BC6818 /* Screens */,
				2B41654F269C628C000B2CEB /* Playgrounds */,
				2BB71049269C5FF900BC6818 /* Extension */,
				2BB71048269C5FED00BC6818 /* Resources */,
			);
			path = RxSwiftTutorial;
			sourceTree = "<group>";
		};
		2BB71044269C5ADD00BC6818 /* App */ = {
			isa = PBXGroup;
			children = (
				2BB71030269C5AD000BC6818 /* AppDelegate.swift */,
				2BB71032269C5AD000BC6818 /* SceneDelegate.swift */,
			);
			path = App;
			sourceTree = "<group>";
		};
		2BB71045269C5AE400BC6818 /* Screens */ = {
			isa = PBXGroup;
			children = (
				2BB71034269C5AD000BC6818 /* MainViewController.swift */,
			);
			path = Screens;
			sourceTree = "<group>";
		};
		2BB71048269C5FED00BC6818 /* Resources */ = {
			isa = PBXGroup;
			children = (
				2BB71039269C5AD300BC6818 /* Assets.xcassets */,
				2BB7103B269C5AD300BC6818 /* LaunchScreen.storyboard */,
				2BB7103E269C5AD300BC6818 /* Info.plist */,
			);
			path = Resources;
			sourceTree = "<group>";
		};
		2BB71049269C5FF900BC6818 /* Extension */ = {
			isa = PBXGroup;
			children = (
				2BB71046269C5CB700BC6818 /* Optional.swift */,
			);
			path = Extension;
			sourceTree = "<group>";
		};
		9E200FD86C8B2743D0C3B621 /* Pods */ = {
			isa = PBXGroup;
			children = (
				92ECB4A6AA121A7220CE790A /* Pods-RxSwiftTutorial.debug.xcconfig */,
				5237509B6EAB13B0C3F4491A /* Pods-RxSwiftTutorial.release.xcconfig */,
			);
			path = Pods;
			sourceTree = "<group>";
		};
/* End PBXGroup section */

/* Begin PBXNativeTarget section */
		2BB7102C269C5AD000BC6818 /* RxSwiftTutorial */ = {
			isa = PBXNativeTarget;
			buildConfigurationList = 2BB71041269C5AD300BC6818 /* Build configuration list for PBXNativeTarget "RxSwiftTutorial" */;
			buildPhases = (
				BE0ACF6DCBEF7556D9479E6E /* [CP] Check Pods Manifest.lock */,
				2BB71029269C5AD000BC6818 /* Sources */,
				2BB7102A269C5AD000BC6818 /* Frameworks */,
				2BB7102B269C5AD000BC6818 /* Resources */,
				C1946948723B3C0D354DBD4D /* [CP] Embed Pods Frameworks */,
			);
			buildRules = (
			);
			dependencies = (
			);
			name = RxSwiftTutorial;
			productName = RxSwiftTutorial;
			productReference = 2BB7102D269C5AD000BC6818 /* RxSwiftTutorial.app */;
			productType = "com.apple.product-type.application";
		};
/* End PBXNativeTarget section */

/* Begin PBXProject section */
		2BB71025269C5AD000BC6818 /* Project object */ = {
			isa = PBXProject;
			attributes = {
				LastSwiftUpdateCheck = 1250;
				LastUpgradeCheck = 1250;
				TargetAttributes = {
					2BB7102C269C5AD000BC6818 = {
						CreatedOnToolsVersion = 12.5.1;
					};
				};
			};
			buildConfigurationList = 2BB71028269C5AD000BC6818 /* Build configuration list for PBXProject "RxSwiftTutorial" */;
			compatibilityVersion = "Xcode 9.3";
			developmentRegion = en;
			hasScannedForEncodings = 0;
			knownRegions = (
				en,
				Base,
			);
			mainGroup = 2BB71024269C5AD000BC6818;
			productRefGroup = 2BB7102E269C5AD000BC6818 /* Products */;
			projectDirPath = "";
			projectRoot = "";
			targets = (
				2BB7102C269C5AD000BC6818 /* RxSwiftTutorial */,
			);
		};
/* End PBXProject section */

/* Begin PBXResourcesBuildPhase section */
		2BB7102B269C5AD000BC6818 /* Resources */ = {
			isa = PBXResourcesBuildPhase;
			buildActionMask = 2147483647;
			files = (
				2BB7103D269C5AD300BC6818 /* LaunchScreen.storyboard in Resources */,
				2BB7103A269C5AD300BC6818 /* Assets.xcassets in Resources */,
			);
			runOnlyForDeploymentPostprocessing = 0;
		};
/* End PBXResourcesBuildPhase section */

/* Begin PBXShellScriptBuildPhase section */
		BE0ACF6DCBEF7556D9479E6E /* [CP] Check Pods Manifest.lock */ = {
			isa = PBXShellScriptBuildPhase;
			buildActionMask = 2147483647;
			files = (
			);
			inputFileListPaths = (
			);
			inputPaths = (
				"${PODS_PODFILE_DIR_PATH}/Podfile.lock",
				"${PODS_ROOT}/Manifest.lock",
			);
			name = "[CP] Check Pods Manifest.lock";
			outputFileListPaths = (
			);
			outputPaths = (
				"$(DERIVED_FILE_DIR)/Pods-RxSwiftTutorial-checkManifestLockResult.txt",
			);
			runOnlyForDeploymentPostprocessing = 0;
			shellPath = /bin/sh;
			shellScript = "diff \"${PODS_PODFILE_DIR_PATH}/Podfile.lock\" \"${PODS_ROOT}/Manifest.lock\" > /dev/null\nif [ $? != 0 ] ; then\n    # print error to STDERR\n    echo \"error: The sandbox is not in sync with the Podfile.lock. Run 'pod install' or update your CocoaPods installation.\" >&2\n    exit 1\nfi\n# This output is used by Xcode 'outputs' to avoid re-running this script phase.\necho \"SUCCESS\" > \"${SCRIPT_OUTPUT_FILE_0}\"\n";
			showEnvVarsInLog = 0;
		};
		C1946948723B3C0D354DBD4D /* [CP] Embed Pods Frameworks */ = {
			isa = PBXShellScriptBuildPhase;
			buildActionMask = 2147483647;
			files = (
			);
			inputFileListPaths = (
				"${PODS_ROOT}/Target Support Files/Pods-RxSwiftTutorial/Pods-RxSwiftTutorial-frameworks-${CONFIGURATION}-input-files.xcfilelist",
			);
			name = "[CP] Embed Pods Frameworks";
			outputFileListPaths = (
				"${PODS_ROOT}/Target Support Files/Pods-RxSwiftTutorial/Pods-RxSwiftTutorial-frameworks-${CONFIGURATION}-output-files.xcfilelist",
			);
			runOnlyForDeploymentPostprocessing = 0;
			shellPath = /bin/sh;
			shellScript = "\"${PODS_ROOT}/Target Support Files/Pods-RxSwiftTutorial/Pods-RxSwiftTutorial-frameworks.sh\"\n";
			showEnvVarsInLog = 0;
		};
/* End PBXShellScriptBuildPhase section */

/* Begin PBXSourcesBuildPhase section */
		2BB71029269C5AD000BC6818 /* Sources */ = {
			isa = PBXSourcesBuildPhase;
			buildActionMask = 2147483647;
			files = (
				2BB71035269C5AD000BC6818 /* MainViewController.swift in Sources */,
				2BB71031269C5AD000BC6818 /* AppDelegate.swift in Sources */,
				2BB71033269C5AD000BC6818 /* SceneDelegate.swift in Sources */,
				2BB71047269C5CB700BC6818 /* Optional.swift in Sources */,
			);
			runOnlyForDeploymentPostprocessing = 0;
		};
/* End PBXSourcesBuildPhase section */

/* Begin PBXVariantGroup section */
		2BB7103B269C5AD300BC6818 /* LaunchScreen.storyboard */ = {
			isa = PBXVariantGroup;
			children = (
				2BB7103C269C5AD300BC6818 /* Base */,
			);
			name = LaunchScreen.storyboard;
			sourceTree = "<group>";
		};
/* End PBXVariantGroup section */

/* Begin XCBuildConfiguration section */
		2BB7103F269C5AD300BC6818 /* Debug */ = {
			isa = XCBuildConfiguration;
			buildSettings = {
				ALWAYS_SEARCH_USER_PATHS = NO;
				CLANG_ANALYZER_NONNULL = YES;
				CLANG_ANALYZER_NUMBER_OBJECT_CONVERSION = YES_AGGRESSIVE;
				CLANG_CXX_LANGUAGE_STANDARD = "gnu++14";
				CLANG_CXX_LIBRARY = "libc++";
				CLANG_ENABLE_MODULES = YES;
				CLANG_ENABLE_OBJC_ARC = YES;
				CLANG_ENABLE_OBJC_WEAK = YES;
				CLANG_WARN_BLOCK_CAPTURE_AUTORELEASING = YES;
				CLANG_WARN_BOOL_CONVERSION = YES;
				CLANG_WARN_COMMA = YES;
				CLANG_WARN_CONSTANT_CONVERSION = YES;
				CLANG_WARN_DEPRECATED_OBJC_IMPLEMENTATIONS = YES;
				CLANG_WARN_DIRECT_OBJC_ISA_USAGE = YES_ERROR;
				CLANG_WARN_DOCUMENTATION_COMMENTS = YES;
				CLANG_WARN_EMPTY_BODY = YES;
				CLANG_WARN_ENUM_CONVERSION = YES;
				CLANG_WARN_INFINITE_RECURSION = YES;
				CLANG_WARN_INT_CONVERSION = YES;
				CLANG_WARN_NON_LITERAL_NULL_CONVERSION = YES;
				CLANG_WARN_OBJC_IMPLICIT_RETAIN_SELF = YES;
				CLANG_WARN_OBJC_LITERAL_CONVERSION = YES;
				CLANG_WARN_OBJC_ROOT_CLASS = YES_ERROR;
				CLANG_WARN_QUOTED_INCLUDE_IN_FRAMEWORK_HEADER = YES;
				CLANG_WARN_RANGE_LOOP_ANALYSIS = YES;
				CLANG_WARN_STRICT_PROTOTYPES = YES;
				CLANG_WARN_SUSPICIOUS_MOVE = YES;
				CLANG_WARN_UNGUARDED_AVAILABILITY = YES_AGGRESSIVE;
				CLANG_WARN_UNREACHABLE_CODE = YES;
				CLANG_WARN__DUPLICATE_METHOD_MATCH = YES;
				COPY_PHASE_STRIP = NO;
				DEBUG_INFORMATION_FORMAT = dwarf;
				ENABLE_STRICT_OBJC_MSGSEND = YES;
				ENABLE_TESTABILITY = YES;
				GCC_C_LANGUAGE_STANDARD = gnu11;
				GCC_DYNAMIC_NO_PIC = NO;
				GCC_NO_COMMON_BLOCKS = YES;
				GCC_OPTIMIZATION_LEVEL = 0;
				GCC_PREPROCESSOR_DEFINITIONS = (
					"DEBUG=1",
					"$(inherited)",
				);
				GCC_WARN_64_TO_32_BIT_CONVERSION = YES;
				GCC_WARN_ABOUT_RETURN_TYPE = YES_ERROR;
				GCC_WARN_UNDECLARED_SELECTOR = YES;
				GCC_WARN_UNINITIALIZED_AUTOS = YES_AGGRESSIVE;
				GCC_WARN_UNUSED_FUNCTION = YES;
				GCC_WARN_UNUSED_VARIABLE = YES;
				IPHONEOS_DEPLOYMENT_TARGET = 14.5;
				MTL_ENABLE_DEBUG_INFO = INCLUDE_SOURCE;
				MTL_FAST_MATH = YES;
				ONLY_ACTIVE_ARCH = YES;
				SDKROOT = iphoneos;
				SWIFT_ACTIVE_COMPILATION_CONDITIONS = DEBUG;
				SWIFT_OPTIMIZATION_LEVEL = "-Onone";
			};
			name = Debug;
		};
		2BB71040269C5AD300BC6818 /* Release */ = {
			isa = XCBuildConfiguration;
			buildSettings = {
				ALWAYS_SEARCH_USER_PATHS = NO;
				CLANG_ANALYZER_NONNULL = YES;
				CLANG_ANALYZER_NUMBER_OBJECT_CONVERSION = YES_AGGRESSIVE;
				CLANG_CXX_LANGUAGE_STANDARD = "gnu++14";
				CLANG_CXX_LIBRARY = "libc++";
				CLANG_ENABLE_MODULES = YES;
				CLANG_ENABLE_OBJC_ARC = YES;
				CLANG_ENABLE_OBJC_WEAK = YES;
				CLANG_WARN_BLOCK_CAPTURE_AUTORELEASING = YES;
				CLANG_WARN_BOOL_CONVERSION = YES;
				CLANG_WARN_COMMA = YES;
				CLANG_WARN_CONSTANT_CONVERSION = YES;
				CLANG_WARN_DEPRECATED_OBJC_IMPLEMENTATIONS = YES;
				CLANG_WARN_DIRECT_OBJC_ISA_USAGE = YES_ERROR;
				CLANG_WARN_DOCUMENTATION_COMMENTS = YES;
				CLANG_WARN_EMPTY_BODY = YES;
				CLANG_WARN_ENUM_CONVERSION = YES;
				CLANG_WARN_INFINITE_RECURSION = YES;
				CLANG_WARN_INT_CONVERSION = YES;
				CLANG_WARN_NON_LITERAL_NULL_CONVERSION = YES;
				CLANG_WARN_OBJC_IMPLICIT_RETAIN_SELF = YES;
				CLANG_WARN_OBJC_LITERAL_CONVERSION = YES;
				CLANG_WARN_OBJC_ROOT_CLASS = YES_ERROR;
				CLANG_WARN_QUOTED_INCLUDE_IN_FRAMEWORK_HEADER = YES;
				CLANG_WARN_RANGE_LOOP_ANALYSIS = YES;
				CLANG_WARN_STRICT_PROTOTYPES = YES;
				CLANG_WARN_SUSPICIOUS_MOVE = YES;
				CLANG_WARN_UNGUARDED_AVAILABILITY = YES_AGGRESSIVE;
				CLANG_WARN_UNREACHABLE_CODE = YES;
				CLANG_WARN__DUPLICATE_METHOD_MATCH = YES;
				COPY_PHASE_STRIP = NO;
				DEBUG_INFORMATION_FORMAT = "dwarf-with-dsym";
				ENABLE_NS_ASSERTIONS = NO;
				ENABLE_STRICT_OBJC_MSGSEND = YES;
				GCC_C_LANGUAGE_STANDARD = gnu11;
				GCC_NO_COMMON_BLOCKS = YES;
				GCC_WARN_64_TO_32_BIT_CONVERSION = YES;
				GCC_WARN_ABOUT_RETURN_TYPE = YES_ERROR;
				GCC_WARN_UNDECLARED_SELECTOR = YES;
				GCC_WARN_UNINITIALIZED_AUTOS = YES_AGGRESSIVE;
				GCC_WARN_UNUSED_FUNCTION = YES;
				GCC_WARN_UNUSED_VARIABLE = YES;
				IPHONEOS_DEPLOYMENT_TARGET = 14.5;
				MTL_ENABLE_DEBUG_INFO = NO;
				MTL_FAST_MATH = YES;
				SDKROOT = iphoneos;
				SWIFT_COMPILATION_MODE = wholemodule;
				SWIFT_OPTIMIZATION_LEVEL = "-O";
				VALIDATE_PRODUCT = YES;
			};
			name = Release;
		};
		2BB71042269C5AD300BC6818 /* Debug */ = {
			isa = XCBuildConfiguration;
			baseConfigurationReference = 92ECB4A6AA121A7220CE790A /* Pods-RxSwiftTutorial.debug.xcconfig */;
			buildSettings = {
				ASSETCATALOG_COMPILER_APPICON_NAME = AppIcon;
				ASSETCATALOG_COMPILER_GLOBAL_ACCENT_COLOR_NAME = AccentColor;
				CODE_SIGN_STYLE = Automatic;
				DEVELOPMENT_TEAM = 5978V35684;
				INFOPLIST_FILE = RxSwiftTutorial/Resources/Info.plist;
				LD_RUNPATH_SEARCH_PATHS = (
					"$(inherited)",
					"@executable_path/Frameworks",
				);
				PRODUCT_BUNDLE_IDENTIFIER = com.dkeller.carouseldemo.RxSwiftTutorial;
				PRODUCT_NAME = "$(TARGET_NAME)";
				SWIFT_VERSION = 5.0;
				TARGETED_DEVICE_FAMILY = "1,2";
			};
			name = Debug;
		};
		2BB71043269C5AD300BC6818 /* Release */ = {
			isa = XCBuildConfiguration;
			baseConfigurationReference = 5237509B6EAB13B0C3F4491A /* Pods-RxSwiftTutorial.release.xcconfig */;
			buildSettings = {
				ASSETCATALOG_COMPILER_APPICON_NAME = AppIcon;
				ASSETCATALOG_COMPILER_GLOBAL_ACCENT_COLOR_NAME = AccentColor;
				CODE_SIGN_STYLE = Automatic;
				DEVELOPMENT_TEAM = 5978V35684;
				INFOPLIST_FILE = RxSwiftTutorial/Resources/Info.plist;
				LD_RUNPATH_SEARCH_PATHS = (
					"$(inherited)",
					"@executable_path/Frameworks",
				);
				PRODUCT_BUNDLE_IDENTIFIER = com.dkeller.carouseldemo.RxSwiftTutorial;
				PRODUCT_NAME = "$(TARGET_NAME)";
				SWIFT_VERSION = 5.0;
				TARGETED_DEVICE_FAMILY = "1,2";
			};
			name = Release;
		};
/* End XCBuildConfiguration section */

/* Begin XCConfigurationList section */
		2BB71028269C5AD000BC6818 /* Build configuration list for PBXProject "RxSwiftTutorial" */ = {
			isa = XCConfigurationList;
			buildConfigurations = (
				2BB7103F269C5AD300BC6818 /* Debug */,
				2BB71040269C5AD300BC6818 /* Release */,
			);
			defaultConfigurationIsVisible = 0;
			defaultConfigurationName = Release;
		};
		2BB71041269C5AD300BC6818 /* Build configuration list for PBXNativeTarget "RxSwiftTutorial" */ = {
			isa = XCConfigurationList;
			buildConfigurations = (
				2BB71042269C5AD300BC6818 /* Debug */,
				2BB71043269C5AD300BC6818 /* Release */,
			);
			defaultConfigurationIsVisible = 0;
			defaultConfigurationName = Release;
		};
/* End XCConfigurationList section */
	};
	rootObject = 2BB71025269C5AD000BC6818 /* Project object */;
}
